// !$*UTF8*$!
{
	archiveVersion = 1;
	classes = {
	};
	objectVersion = 46;
	objects = {

/* Begin PBXBuildFile section */
		DD3A27EE1582A0AB00DADEFF /* CoreLocation.framework in Frameworks */ = {isa = PBXBuildFile; fileRef = DD3A27ED1582A0AB00DADEFF /* CoreLocation.framework */; };
		DD76D72E152E47660065DBB2 /* libz.dylib in Frameworks */ = {isa = PBXBuildFile; fileRef = DDC4BF10152E455500089409 /* libz.dylib */; };
		DDC4BEA8152E300800089409 /* libMapView.a in Frameworks */ = {isa = PBXBuildFile; fileRef = DDC4BEA3152E2FDE00089409 /* libMapView.a */; };
		DDC4BEC1152E351F00089409 /* online.png in Resources */ = {isa = PBXBuildFile; fileRef = DDC4BEBF152E351F00089409 /* online.png */; };
		DDC4BEC2152E351F00089409 /* online@2x.png in Resources */ = {isa = PBXBuildFile; fileRef = DDC4BEC0152E351F00089409 /* online@2x.png */; };
		DDC4BEC6152E366800089409 /* OfflineLayerViewController.m in Sources */ = {isa = PBXBuildFile; fileRef = DDC4BEC5152E366800089409 /* OfflineLayerViewController.m */; };
		DDC4BEC9152E36FF00089409 /* offline.png in Resources */ = {isa = PBXBuildFile; fileRef = DDC4BEC7152E36FF00089409 /* offline.png */; };
		DDC4BECA152E36FF00089409 /* offline@2x.png in Resources */ = {isa = PBXBuildFile; fileRef = DDC4BEC8152E36FF00089409 /* offline@2x.png */; };
		DDC4BECC152E380900089409 /* control-room-0.2.0.mbtiles in Resources */ = {isa = PBXBuildFile; fileRef = DDC4BECB152E380900089409 /* control-room-0.2.0.mbtiles */; };
		DDC4BECF152E38D200089409 /* interactive.png in Resources */ = {isa = PBXBuildFile; fileRef = DDC4BECD152E38D200089409 /* interactive.png */; };
		DDC4BED0152E38D200089409 /* interactive@2x.png in Resources */ = {isa = PBXBuildFile; fileRef = DDC4BECE152E38D200089409 /* interactive@2x.png */; };
		DDC4BEF1152E3EEE00089409 /* InteractiveLayerViewController.m in Sources */ = {isa = PBXBuildFile; fileRef = DDC4BEEF152E3EEE00089409 /* InteractiveLayerViewController.m */; };
		DDC4BF12152E457A00089409 /* libsqlite3.dylib in Frameworks */ = {isa = PBXBuildFile; fileRef = DDEF3A6E1522848500DE6DB0 /* libsqlite3.dylib */; };
		DDD9E76B1591272100F29679 /* AttributionViewController.m in Sources */ = {isa = PBXBuildFile; fileRef = DDD9E76A1591272100F29679 /* AttributionViewController.m */; };
		DDD9E7A815912CA700F29679 /* icon@2x.png in Resources */ = {isa = PBXBuildFile; fileRef = DDD9E7A615912CA700F29679 /* icon@2x.png */; };
		DDD9E7A915912CA700F29679 /* icon.png in Resources */ = {isa = PBXBuildFile; fileRef = DDD9E7A715912CA700F29679 /* icon.png */; };
		DDEF3A2E1522813600DE6DB0 /* UIKit.framework in Frameworks */ = {isa = PBXBuildFile; fileRef = DDEF3A2D1522813600DE6DB0 /* UIKit.framework */; };
		DDEF3A301522813600DE6DB0 /* Foundation.framework in Frameworks */ = {isa = PBXBuildFile; fileRef = DDEF3A2F1522813600DE6DB0 /* Foundation.framework */; };
		DDEF3A321522813600DE6DB0 /* CoreGraphics.framework in Frameworks */ = {isa = PBXBuildFile; fileRef = DDEF3A311522813600DE6DB0 /* CoreGraphics.framework */; };
		DDEF3A381522813600DE6DB0 /* InfoPlist.strings in Resources */ = {isa = PBXBuildFile; fileRef = DDEF3A361522813600DE6DB0 /* InfoPlist.strings */; };
		DDEF3A3A1522813600DE6DB0 /* main.m in Sources */ = {isa = PBXBuildFile; fileRef = DDEF3A391522813600DE6DB0 /* main.m */; };
		DDEF3A3E1522813600DE6DB0 /* AppDelegate.m in Sources */ = {isa = PBXBuildFile; fileRef = DDEF3A3D1522813600DE6DB0 /* AppDelegate.m */; };
		DDEF3A411522813600DE6DB0 /* OnlineLayerViewController.m in Sources */ = {isa = PBXBuildFile; fileRef = DDEF3A401522813600DE6DB0 /* OnlineLayerViewController.m */; };
		DDEF3A6D1522847A00DE6DB0 /* QuartzCore.framework in Frameworks */ = {isa = PBXBuildFile; fileRef = DDEF3A6C1522847A00DE6DB0 /* QuartzCore.framework */; };
/* End PBXBuildFile section */

/* Begin PBXContainerItemProxy section */
		DDC4BEA2152E2FDE00089409 /* PBXContainerItemProxy */ = {
			isa = PBXContainerItemProxy;
			containerPortal = DD96557015264A080008517A /* MapView.xcodeproj */;
			proxyType = 2;
			remoteGlobalIDString = 17F31EFA1331050A00122B16;
			remoteInfo = MapView;
		};
		DDC4BEA4152E2FDE00089409 /* PBXContainerItemProxy */ = {
			isa = PBXContainerItemProxy;
			containerPortal = DD96557015264A080008517A /* MapView.xcodeproj */;
			proxyType = 2;
			remoteGlobalIDString = 2BF3078F0F8AC5C0007014EE;
			remoteInfo = "Unit Tests";
		};
		DDC4BEA6152E300400089409 /* PBXContainerItemProxy */ = {
			isa = PBXContainerItemProxy;
			containerPortal = DD96557015264A080008517A /* MapView.xcodeproj */;
			proxyType = 1;
			remoteGlobalIDString = B8C974130E8A19B2007D16AD;
			remoteInfo = MapView;
		};
/* End PBXContainerItemProxy section */

/* Begin PBXFileReference section */
		DD3A27ED1582A0AB00DADEFF /* CoreLocation.framework */ = {isa = PBXFileReference; lastKnownFileType = wrapper.framework; name = CoreLocation.framework; path = System/Library/Frameworks/CoreLocation.framework; sourceTree = SDKROOT; };
		DD96557015264A080008517A /* MapView.xcodeproj */ = {isa = PBXFileReference; lastKnownFileType = "wrapper.pb-project"; name = MapView.xcodeproj; path = "MapBox-iOS-SDK/MapView/MapView.xcodeproj"; sourceTree = SOURCE_ROOT; };
		DDC4BEBF152E351F00089409 /* online.png */ = {isa = PBXFileReference; lastKnownFileType = image.png; path = online.png; sourceTree = "<group>"; };
		DDC4BEC0152E351F00089409 /* online@2x.png */ = {isa = PBXFileReference; lastKnownFileType = image.png; path = "online@2x.png"; sourceTree = "<group>"; };
		DDC4BEC4152E366800089409 /* OfflineLayerViewController.h */ = {isa = PBXFileReference; fileEncoding = 4; lastKnownFileType = sourcecode.c.h; path = OfflineLayerViewController.h; sourceTree = "<group>"; };
		DDC4BEC5152E366800089409 /* OfflineLayerViewController.m */ = {isa = PBXFileReference; fileEncoding = 4; lastKnownFileType = sourcecode.c.objc; path = OfflineLayerViewController.m; sourceTree = "<group>"; };
		DDC4BEC7152E36FF00089409 /* offline.png */ = {isa = PBXFileReference; lastKnownFileType = image.png; path = offline.png; sourceTree = "<group>"; };
		DDC4BEC8152E36FF00089409 /* offline@2x.png */ = {isa = PBXFileReference; lastKnownFileType = image.png; path = "offline@2x.png"; sourceTree = "<group>"; };
		DDC4BECB152E380900089409 /* control-room-0.2.0.mbtiles */ = {isa = PBXFileReference; lastKnownFileType = file; path = "control-room-0.2.0.mbtiles"; sourceTree = "<group>"; };
		DDC4BECD152E38D200089409 /* interactive.png */ = {isa = PBXFileReference; lastKnownFileType = image.png; path = interactive.png; sourceTree = "<group>"; };
		DDC4BECE152E38D200089409 /* interactive@2x.png */ = {isa = PBXFileReference; lastKnownFileType = image.png; path = "interactive@2x.png"; sourceTree = "<group>"; };
		DDC4BEEF152E3EEE00089409 /* InteractiveLayerViewController.m */ = {isa = PBXFileReference; fileEncoding = 4; lastKnownFileType = sourcecode.c.objc; path = InteractiveLayerViewController.m; sourceTree = "<group>"; };
		DDC4BEF0152E3EEE00089409 /* InteractiveLayerViewController.h */ = {isa = PBXFileReference; fileEncoding = 4; lastKnownFileType = sourcecode.c.h; path = InteractiveLayerViewController.h; sourceTree = "<group>"; };
		DDC4BF10152E455500089409 /* libz.dylib */ = {isa = PBXFileReference; lastKnownFileType = "compiled.mach-o.dylib"; name = libz.dylib; path = usr/lib/libz.dylib; sourceTree = SDKROOT; };
		DDD9E7691591272100F29679 /* AttributionViewController.h */ = {isa = PBXFileReference; fileEncoding = 4; lastKnownFileType = sourcecode.c.h; path = AttributionViewController.h; sourceTree = "<group>"; };
		DDD9E76A1591272100F29679 /* AttributionViewController.m */ = {isa = PBXFileReference; fileEncoding = 4; lastKnownFileType = sourcecode.c.objc; path = AttributionViewController.m; sourceTree = "<group>"; };
		DDD9E7A615912CA700F29679 /* icon@2x.png */ = {isa = PBXFileReference; lastKnownFileType = image.png; path = "icon@2x.png"; sourceTree = "<group>"; };
		DDD9E7A715912CA700F29679 /* icon.png */ = {isa = PBXFileReference; lastKnownFileType = image.png; path = icon.png; sourceTree = "<group>"; };
		DDEF3A291522813600DE6DB0 /* MB Example.app */ = {isa = PBXFileReference; explicitFileType = wrapper.application; includeInIndex = 0; path = "MB Example.app"; sourceTree = BUILT_PRODUCTS_DIR; };
		DDEF3A2D1522813600DE6DB0 /* UIKit.framework */ = {isa = PBXFileReference; lastKnownFileType = wrapper.framework; name = UIKit.framework; path = System/Library/Frameworks/UIKit.framework; sourceTree = SDKROOT; };
		DDEF3A2F1522813600DE6DB0 /* Foundation.framework */ = {isa = PBXFileReference; lastKnownFileType = wrapper.framework; name = Foundation.framework; path = System/Library/Frameworks/Foundation.framework; sourceTree = SDKROOT; };
		DDEF3A311522813600DE6DB0 /* CoreGraphics.framework */ = {isa = PBXFileReference; lastKnownFileType = wrapper.framework; name = CoreGraphics.framework; path = System/Library/Frameworks/CoreGraphics.framework; sourceTree = SDKROOT; };
		DDEF3A351522813600DE6DB0 /* MapBox Example-Info.plist */ = {isa = PBXFileReference; lastKnownFileType = text.plist.xml; path = "MapBox Example-Info.plist"; sourceTree = "<group>"; };
		DDEF3A371522813600DE6DB0 /* en */ = {isa = PBXFileReference; lastKnownFileType = text.plist.strings; name = en; path = en.lproj/InfoPlist.strings; sourceTree = "<group>"; };
		DDEF3A391522813600DE6DB0 /* main.m */ = {isa = PBXFileReference; lastKnownFileType = sourcecode.c.objc; path = main.m; sourceTree = "<group>"; };
		DDEF3A3B1522813600DE6DB0 /* MapBox Example-Prefix.pch */ = {isa = PBXFileReference; lastKnownFileType = sourcecode.c.h; path = "MapBox Example-Prefix.pch"; sourceTree = "<group>"; };
		DDEF3A3C1522813600DE6DB0 /* AppDelegate.h */ = {isa = PBXFileReference; lastKnownFileType = sourcecode.c.h; path = AppDelegate.h; sourceTree = "<group>"; };
		DDEF3A3D1522813600DE6DB0 /* AppDelegate.m */ = {isa = PBXFileReference; lastKnownFileType = sourcecode.c.objc; path = AppDelegate.m; sourceTree = "<group>"; };
		DDEF3A3F1522813600DE6DB0 /* OnlineLayerViewController.h */ = {isa = PBXFileReference; lastKnownFileType = sourcecode.c.h; path = OnlineLayerViewController.h; sourceTree = "<group>"; };
		DDEF3A401522813600DE6DB0 /* OnlineLayerViewController.m */ = {isa = PBXFileReference; lastKnownFileType = sourcecode.c.objc; path = OnlineLayerViewController.m; sourceTree = "<group>"; };
		DDEF3A6C1522847A00DE6DB0 /* QuartzCore.framework */ = {isa = PBXFileReference; lastKnownFileType = wrapper.framework; name = QuartzCore.framework; path = System/Library/Frameworks/QuartzCore.framework; sourceTree = SDKROOT; };
		DDEF3A6E1522848500DE6DB0 /* libsqlite3.dylib */ = {isa = PBXFileReference; lastKnownFileType = "compiled.mach-o.dylib"; name = libsqlite3.dylib; path = usr/lib/libsqlite3.dylib; sourceTree = SDKROOT; };
/* End PBXFileReference section */

/* Begin PBXFrameworksBuildPhase section */
		DDEF3A261522813600DE6DB0 /* Frameworks */ = {
			isa = PBXFrameworksBuildPhase;
			buildActionMask = 2147483647;
			files = (
				DDEF3A321522813600DE6DB0 /* CoreGraphics.framework in Frameworks */,
				DD3A27EE1582A0AB00DADEFF /* CoreLocation.framework in Frameworks */,
				DDEF3A301522813600DE6DB0 /* Foundation.framework in Frameworks */,
				DDEF3A6D1522847A00DE6DB0 /* QuartzCore.framework in Frameworks */,
				DDEF3A2E1522813600DE6DB0 /* UIKit.framework in Frameworks */,
				DDC4BEA8152E300800089409 /* libMapView.a in Frameworks */,
				DDC4BF12152E457A00089409 /* libsqlite3.dylib in Frameworks */,
				DD76D72E152E47660065DBB2 /* libz.dylib in Frameworks */,
			);
			runOnlyForDeploymentPostprocessing = 0;
		};
/* End PBXFrameworksBuildPhase section */

/* Begin PBXGroup section */
		DD96556F152649F10008517A /* MapBox SDK */ = {
			isa = PBXGroup;
			children = (
				DD96557015264A080008517A /* MapView.xcodeproj */,
			);
			name = "MapBox SDK";
			path = "MapBox Example";
			sourceTree = "<group>";
		};
		DDC4BE9C152E2FDE00089409 /* Products */ = {
			isa = PBXGroup;
			children = (
				DDC4BEA3152E2FDE00089409 /* libMapView.a */,
				DDC4BEA5152E2FDE00089409 /* RM Unit Tests.app */,
			);
			name = Products;
			sourceTree = "<group>";
		};
		DDC4BEC3152E356F00089409 /* Resources */ = {
			isa = PBXGroup;
			children = (
				DDC4BEBF152E351F00089409 /* online.png */,
				DDC4BEC0152E351F00089409 /* online@2x.png */,
				DDC4BEC7152E36FF00089409 /* offline.png */,
				DDC4BEC8152E36FF00089409 /* offline@2x.png */,
				DDC4BECD152E38D200089409 /* interactive.png */,
				DDC4BECE152E38D200089409 /* interactive@2x.png */,
				DDD9E7A715912CA700F29679 /* icon.png */,
				DDD9E7A615912CA700F29679 /* icon@2x.png */,
			);
			name = Resources;
			sourceTree = "<group>";
		};
		DDEF3A1E1522813600DE6DB0 = {
			isa = PBXGroup;
			children = (
				DDEF3A331522813600DE6DB0 /* MapBox Example */,
				DD96556F152649F10008517A /* MapBox SDK */,
				DDEF3A2C1522813600DE6DB0 /* Frameworks */,
				DDEF3A2A1522813600DE6DB0 /* Products */,
			);
			sourceTree = "<group>";
		};
		DDEF3A2A1522813600DE6DB0 /* Products */ = {
			isa = PBXGroup;
			children = (
				DDEF3A291522813600DE6DB0 /* MB Example.app */,
			);
			name = Products;
			sourceTree = "<group>";
		};
		DDEF3A2C1522813600DE6DB0 /* Frameworks */ = {
			isa = PBXGroup;
			children = (
				DDEF3A311522813600DE6DB0 /* CoreGraphics.framework */,
				DD3A27ED1582A0AB00DADEFF /* CoreLocation.framework */,
				DDEF3A2F1522813600DE6DB0 /* Foundation.framework */,
				DDEF3A6C1522847A00DE6DB0 /* QuartzCore.framework */,
				DDEF3A2D1522813600DE6DB0 /* UIKit.framework */,
				DDEF3A6E1522848500DE6DB0 /* libsqlite3.dylib */,
				DDC4BF10152E455500089409 /* libz.dylib */,
			);
			name = Frameworks;
			sourceTree = "<group>";
		};
		DDEF3A331522813600DE6DB0 /* MapBox Example */ = {
			isa = PBXGroup;
			children = (
				DDEF3A3C1522813600DE6DB0 /* AppDelegate.h */,
				DDEF3A3D1522813600DE6DB0 /* AppDelegate.m */,
				DDEF3A3F1522813600DE6DB0 /* OnlineLayerViewController.h */,
				DDEF3A401522813600DE6DB0 /* OnlineLayerViewController.m */,
				DDC4BEC4152E366800089409 /* OfflineLayerViewController.h */,
				DDC4BEC5152E366800089409 /* OfflineLayerViewController.m */,
				DDC4BEF0152E3EEE00089409 /* InteractiveLayerViewController.h */,
				DDC4BEEF152E3EEE00089409 /* InteractiveLayerViewController.m */,
				DDD9E7691591272100F29679 /* AttributionViewController.h */,
				DDD9E76A1591272100F29679 /* AttributionViewController.m */,
				DDC4BEC3152E356F00089409 /* Resources */,
				DDEF3A341522813600DE6DB0 /* Supporting Files */,
			);
			path = "MapBox Example";
			sourceTree = "<group>";
		};
		DDEF3A341522813600DE6DB0 /* Supporting Files */ = {
			isa = PBXGroup;
			children = (
				DDEF3A351522813600DE6DB0 /* MapBox Example-Info.plist */,
				DDEF3A361522813600DE6DB0 /* InfoPlist.strings */,
				DDEF3A391522813600DE6DB0 /* main.m */,
				DDEF3A3B1522813600DE6DB0 /* MapBox Example-Prefix.pch */,
				DDC4BECB152E380900089409 /* control-room-0.2.0.mbtiles */,
			);
			name = "Supporting Files";
			sourceTree = "<group>";
		};
/* End PBXGroup section */

/* Begin PBXNativeTarget section */
		DDEF3A281522813600DE6DB0 /* MapBox Example */ = {
			isa = PBXNativeTarget;
			buildConfigurationList = DDEF3A471522813600DE6DB0 /* Build configuration list for PBXNativeTarget "MapBox Example" */;
			buildPhases = (
				DDEF3A251522813600DE6DB0 /* Sources */,
				DDEF3A261522813600DE6DB0 /* Frameworks */,
				DDEF3A271522813600DE6DB0 /* Resources */,
			);
			buildRules = (
			);
			dependencies = (
				DDC4BEA7152E300400089409 /* PBXTargetDependency */,
			);
			name = "MapBox Example";
			productName = "MapBox Example";
			productReference = DDEF3A291522813600DE6DB0 /* MB Example.app */;
			productType = "com.apple.product-type.application";
		};
/* End PBXNativeTarget section */

/* Begin PBXProject section */
		DDEF3A201522813600DE6DB0 /* Project object */ = {
			isa = PBXProject;
			attributes = {
				LastUpgradeCheck = 0430;
				ORGANIZATIONNAME = "MapBox / Development Seed";
			};
			buildConfigurationList = DDEF3A231522813600DE6DB0 /* Build configuration list for PBXProject "MapBox Example" */;
			compatibilityVersion = "Xcode 3.2";
			developmentRegion = English;
			hasScannedForEncodings = 0;
			knownRegions = (
				en,
			);
			mainGroup = DDEF3A1E1522813600DE6DB0;
			productRefGroup = DDEF3A2A1522813600DE6DB0 /* Products */;
			projectDirPath = "";
			projectReferences = (
				{
					ProductGroup = DDC4BE9C152E2FDE00089409 /* Products */;
					ProjectRef = DD96557015264A080008517A /* MapView.xcodeproj */;
				},
			);
			projectRoot = "";
			targets = (
				DDEF3A281522813600DE6DB0 /* MapBox Example */,
			);
		};
/* End PBXProject section */

/* Begin PBXReferenceProxy section */
		DDC4BEA3152E2FDE00089409 /* libMapView.a */ = {
			isa = PBXReferenceProxy;
			fileType = archive.ar;
			path = libMapView.a;
			remoteRef = DDC4BEA2152E2FDE00089409 /* PBXContainerItemProxy */;
			sourceTree = BUILT_PRODUCTS_DIR;
		};
		DDC4BEA5152E2FDE00089409 /* RM Unit Tests.app */ = {
			isa = PBXReferenceProxy;
			fileType = wrapper.application;
			path = "RM Unit Tests.app";
			remoteRef = DDC4BEA4152E2FDE00089409 /* PBXContainerItemProxy */;
			sourceTree = BUILT_PRODUCTS_DIR;
		};
/* End PBXReferenceProxy section */

/* Begin PBXResourcesBuildPhase section */
		DDEF3A271522813600DE6DB0 /* Resources */ = {
			isa = PBXResourcesBuildPhase;
			buildActionMask = 2147483647;
			files = (
				DDEF3A381522813600DE6DB0 /* InfoPlist.strings in Resources */,
				DDC4BEC1152E351F00089409 /* online.png in Resources */,
				DDC4BEC2152E351F00089409 /* online@2x.png in Resources */,
				DDC4BEC9152E36FF00089409 /* offline.png in Resources */,
				DDC4BECA152E36FF00089409 /* offline@2x.png in Resources */,
				DDC4BECC152E380900089409 /* control-room-0.2.0.mbtiles in Resources */,
				DDC4BECF152E38D200089409 /* interactive.png in Resources */,
				DDC4BED0152E38D200089409 /* interactive@2x.png in Resources */,
				DDD9E7A815912CA700F29679 /* icon@2x.png in Resources */,
				DDD9E7A915912CA700F29679 /* icon.png in Resources */,
			);
			runOnlyForDeploymentPostprocessing = 0;
		};
/* End PBXResourcesBuildPhase section */

/* Begin PBXSourcesBuildPhase section */
		DDEF3A251522813600DE6DB0 /* Sources */ = {
			isa = PBXSourcesBuildPhase;
			buildActionMask = 2147483647;
			files = (
				DDEF3A3A1522813600DE6DB0 /* main.m in Sources */,
				DDEF3A3E1522813600DE6DB0 /* AppDelegate.m in Sources */,
				DDEF3A411522813600DE6DB0 /* OnlineLayerViewController.m in Sources */,
				DDC4BEC6152E366800089409 /* OfflineLayerViewController.m in Sources */,
				DDC4BEF1152E3EEE00089409 /* InteractiveLayerViewController.m in Sources */,
				DDD9E76B1591272100F29679 /* AttributionViewController.m in Sources */,
			);
			runOnlyForDeploymentPostprocessing = 0;
		};
/* End PBXSourcesBuildPhase section */

/* Begin PBXTargetDependency section */
		DDC4BEA7152E300400089409 /* PBXTargetDependency */ = {
			isa = PBXTargetDependency;
			name = MapView;
			targetProxy = DDC4BEA6152E300400089409 /* PBXContainerItemProxy */;
		};
/* End PBXTargetDependency section */

/* Begin PBXVariantGroup section */
		DDEF3A361522813600DE6DB0 /* InfoPlist.strings */ = {
			isa = PBXVariantGroup;
			children = (
				DDEF3A371522813600DE6DB0 /* en */,
			);
			name = InfoPlist.strings;
			sourceTree = "<group>";
		};
/* End PBXVariantGroup section */

/* Begin XCBuildConfiguration section */
		DDB867EE1551E029000E06D3 /* Ad Hoc */ = {
			isa = XCBuildConfiguration;
			buildSettings = {
				ALWAYS_SEARCH_USER_PATHS = NO;
				ARCHS = "$(ARCHS_STANDARD_32_BIT)";
				CLANG_ENABLE_OBJC_ARC = YES;
				"CODE_SIGN_IDENTITY[sdk=iphoneos*]" = "iPhone Distribution";
				COPY_PHASE_STRIP = YES;
				GCC_C_LANGUAGE_STANDARD = gnu99;
				GCC_VERSION = com.apple.compilers.llvm.clang.1_0;
				GCC_WARN_ABOUT_RETURN_TYPE = YES;
				GCC_WARN_UNINITIALIZED_AUTOS = YES;
				GCC_WARN_UNUSED_VARIABLE = YES;
				IPHONEOS_DEPLOYMENT_TARGET = 5.1;
				OTHER_CFLAGS = "-DNS_BLOCK_ASSERTIONS=1";
				"PROVISIONING_PROFILE[sdk=iphoneos*]" = "";
				SDKROOT = iphoneos;
				VALIDATE_PRODUCT = YES;
			};
			name = "Ad Hoc";
		};
		DDB867EF1551E029000E06D3 /* Ad Hoc */ = {
			isa = XCBuildConfiguration;
			buildSettings = {
				CODE_SIGN_ENTITLEMENTS = Entitlements.plist;
				GCC_PRECOMPILE_PREFIX_HEADER = YES;
				GCC_PREFIX_HEADER = "MapBox Example/MapBox Example-Prefix.pch";
				HEADER_SEARCH_PATHS = "\"$(SRCROOT)/MapBox-iOS-SDK/**";
				INFOPLIST_FILE = "MapBox Example/MapBox Example-Info.plist";
				IPHONEOS_DEPLOYMENT_TARGET = 5.0;
				OTHER_LDFLAGS = "-ObjC";
				PRODUCT_NAME = "MB Example";
				WRAPPER_EXTENSION = app;
			};
			name = "Ad Hoc";
		};
		DDEF3A451522813600DE6DB0 /* Debug */ = {
			isa = XCBuildConfiguration;
			buildSettings = {
				ALWAYS_SEARCH_USER_PATHS = NO;
				ARCHS = "$(ARCHS_STANDARD_32_BIT)";
				CLANG_ENABLE_OBJC_ARC = YES;
				"CODE_SIGN_IDENTITY[sdk=iphoneos*]" = "iPhone Developer";
				COPY_PHASE_STRIP = NO;
				GCC_C_LANGUAGE_STANDARD = gnu99;
				GCC_DYNAMIC_NO_PIC = NO;
				GCC_OPTIMIZATION_LEVEL = 0;
				GCC_PREPROCESSOR_DEFINITIONS = (
					"DEBUG=1",
					"$(inherited)",
				);
				GCC_SYMBOLS_PRIVATE_EXTERN = NO;
				GCC_VERSION = com.apple.compilers.llvm.clang.1_0;
				GCC_WARN_ABOUT_RETURN_TYPE = YES;
				GCC_WARN_UNINITIALIZED_AUTOS = YES;
				GCC_WARN_UNUSED_VARIABLE = YES;
				IPHONEOS_DEPLOYMENT_TARGET = 5.1;
				SDKROOT = iphoneos;
			};
			name = Debug;
		};
		DDEF3A461522813600DE6DB0 /* Release */ = {
			isa = XCBuildConfiguration;
			buildSettings = {
				ALWAYS_SEARCH_USER_PATHS = NO;
				ARCHS = "$(ARCHS_STANDARD_32_BIT)";
				CLANG_ENABLE_OBJC_ARC = YES;
				"CODE_SIGN_IDENTITY[sdk=iphoneos*]" = "iPhone Developer";
				COPY_PHASE_STRIP = YES;
				GCC_C_LANGUAGE_STANDARD = gnu99;
				GCC_VERSION = com.apple.compilers.llvm.clang.1_0;
				GCC_WARN_ABOUT_RETURN_TYPE = YES;
				GCC_WARN_UNINITIALIZED_AUTOS = YES;
				GCC_WARN_UNUSED_VARIABLE = YES;
				IPHONEOS_DEPLOYMENT_TARGET = 5.1;
				OTHER_CFLAGS = "-DNS_BLOCK_ASSERTIONS=1";
				SDKROOT = iphoneos;
				VALIDATE_PRODUCT = YES;
			};
			name = Release;
		};
		DDEF3A481522813600DE6DB0 /* Debug */ = {
			isa = XCBuildConfiguration;
			buildSettings = {
				GCC_PRECOMPILE_PREFIX_HEADER = YES;
				GCC_PREFIX_HEADER = "MapBox Example/MapBox Example-Prefix.pch";
				HEADER_SEARCH_PATHS = "\"$(SRCROOT)/MapBox-iOS-SDK/**";
				INFOPLIST_FILE = "MapBox Example/MapBox Example-Info.plist";
				IPHONEOS_DEPLOYMENT_TARGET = 5.0;
				OTHER_LDFLAGS = "-ObjC";
				PRODUCT_NAME = "MB Example";
				WRAPPER_EXTENSION = app;
			};
			name = Debug;
		};
		DDEF3A491522813600DE6DB0 /* Release */ = {
			isa = XCBuildConfiguration;
			buildSettings = {
				GCC_PRECOMPILE_PREFIX_HEADER = YES;
				GCC_PREFIX_HEADER = "MapBox Example/MapBox Example-Prefix.pch";
				HEADER_SEARCH_PATHS = "\"$(SRCROOT)/MapBox-iOS-SDK/**";
				INFOPLIST_FILE = "MapBox Example/MapBox Example-Info.plist";
				IPHONEOS_DEPLOYMENT_TARGET = 5.0;
				OTHER_LDFLAGS = "-ObjC";
				PRODUCT_NAME = "MB Example";
				WRAPPER_EXTENSION = app;
			};
			name = Release;
		};
/* End XCBuildConfiguration section */

/* Begin XCConfigurationList section */
		DDEF3A231522813600DE6DB0 /* Build configuration list for PBXProject "MapBox Example" */ = {
			isa = XCConfigurationList;
			buildConfigurations = (
				DDEF3A451522813600DE6DB0 /* Debug */,
				DDEF3A461522813600DE6DB0 /* Release */,
				DDB867EE1551E029000E06D3 /* Ad Hoc */,
			);
			defaultConfigurationIsVisible = 0;
			defaultConfigurationName = Release;
		};
		DDEF3A471522813600DE6DB0 /* Build configuration list for PBXNativeTarget "MapBox Example" */ = {
			isa = XCConfigurationList;
			buildConfigurations = (
				DDEF3A481522813600DE6DB0 /* Debug */,
				DDEF3A491522813600DE6DB0 /* Release */,
				DDB867EF1551E029000E06D3 /* Ad Hoc */,
			);
			defaultConfigurationIsVisible = 0;
			defaultConfigurationName = Release;
		};
/* End XCConfigurationList section */
	};
	rootObject = DDEF3A201522813600DE6DB0 /* Project object */;
}
