// !$*UTF8*$!
{
	archiveVersion = 1;
	classes = {
	};
	objectVersion = 46;
	objects = {

/* Begin PBXBuildFile section */
		DDEF3A2E1522813600DE6DB0 /* UIKit.framework in Frameworks */ = {isa = PBXBuildFile; fileRef = DDEF3A2D1522813600DE6DB0 /* UIKit.framework */; };
		DDEF3A301522813600DE6DB0 /* Foundation.framework in Frameworks */ = {isa = PBXBuildFile; fileRef = DDEF3A2F1522813600DE6DB0 /* Foundation.framework */; };
		DDEF3A321522813600DE6DB0 /* CoreGraphics.framework in Frameworks */ = {isa = PBXBuildFile; fileRef = DDEF3A311522813600DE6DB0 /* CoreGraphics.framework */; };
		DDEF3A381522813600DE6DB0 /* InfoPlist.strings in Resources */ = {isa = PBXBuildFile; fileRef = DDEF3A361522813600DE6DB0 /* InfoPlist.strings */; };
		DDEF3A3A1522813600DE6DB0 /* main.m in Sources */ = {isa = PBXBuildFile; fileRef = DDEF3A391522813600DE6DB0 /* main.m */; };
		DDEF3A3E1522813600DE6DB0 /* AppDelegate.m in Sources */ = {isa = PBXBuildFile; fileRef = DDEF3A3D1522813600DE6DB0 /* AppDelegate.m */; };
		DDEF3A411522813600DE6DB0 /* ViewController.m in Sources */ = {isa = PBXBuildFile; fileRef = DDEF3A401522813600DE6DB0 /* ViewController.m */; };
		DDEF3A441522813600DE6DB0 /* ViewController.xib in Resources */ = {isa = PBXBuildFile; fileRef = DDEF3A421522813600DE6DB0 /* ViewController.xib */; };
/* End PBXBuildFile section */

/* Begin PBXFileReference section */
		DDEF3A291522813600DE6DB0 /* MapBox Example.app */ = {isa = PBXFileReference; explicitFileType = wrapper.application; includeInIndex = 0; path = "MapBox Example.app"; sourceTree = BUILT_PRODUCTS_DIR; };
		DDEF3A2D1522813600DE6DB0 /* UIKit.framework */ = {isa = PBXFileReference; lastKnownFileType = wrapper.framework; name = UIKit.framework; path = System/Library/Frameworks/UIKit.framework; sourceTree = SDKROOT; };
		DDEF3A2F1522813600DE6DB0 /* Foundation.framework */ = {isa = PBXFileReference; lastKnownFileType = wrapper.framework; name = Foundation.framework; path = System/Library/Frameworks/Foundation.framework; sourceTree = SDKROOT; };
		DDEF3A311522813600DE6DB0 /* CoreGraphics.framework */ = {isa = PBXFileReference; lastKnownFileType = wrapper.framework; name = CoreGraphics.framework; path = System/Library/Frameworks/CoreGraphics.framework; sourceTree = SDKROOT; };
		DDEF3A351522813600DE6DB0 /* MapBox Example-Info.plist */ = {isa = PBXFileReference; lastKnownFileType = text.plist.xml; path = "MapBox Example-Info.plist"; sourceTree = "<group>"; };
		DDEF3A371522813600DE6DB0 /* en */ = {isa = PBXFileReference; lastKnownFileType = text.plist.strings; name = en; path = en.lproj/InfoPlist.strings; sourceTree = "<group>"; };
		DDEF3A391522813600DE6DB0 /* main.m */ = {isa = PBXFileReference; lastKnownFileType = sourcecode.c.objc; path = main.m; sourceTree = "<group>"; };
		DDEF3A3B1522813600DE6DB0 /* MapBox Example-Prefix.pch */ = {isa = PBXFileReference; lastKnownFileType = sourcecode.c.h; path = "MapBox Example-Prefix.pch"; sourceTree = "<group>"; };
		DDEF3A3C1522813600DE6DB0 /* AppDelegate.h */ = {isa = PBXFileReference; lastKnownFileType = sourcecode.c.h; path = AppDelegate.h; sourceTree = "<group>"; };
		DDEF3A3D1522813600DE6DB0 /* AppDelegate.m */ = {isa = PBXFileReference; lastKnownFileType = sourcecode.c.objc; path = AppDelegate.m; sourceTree = "<group>"; };
		DDEF3A3F1522813600DE6DB0 /* ViewController.h */ = {isa = PBXFileReference; lastKnownFileType = sourcecode.c.h; path = ViewController.h; sourceTree = "<group>"; };
		DDEF3A401522813600DE6DB0 /* ViewController.m */ = {isa = PBXFileReference; lastKnownFileType = sourcecode.c.objc; path = ViewController.m; sourceTree = "<group>"; };
		DDEF3A431522813600DE6DB0 /* en */ = {isa = PBXFileReference; lastKnownFileType = file.xib; name = en; path = en.lproj/ViewController.xib; sourceTree = "<group>"; };
/* End PBXFileReference section */

/* Begin PBXFrameworksBuildPhase section */
		DDEF3A261522813600DE6DB0 /* Frameworks */ = {
			isa = PBXFrameworksBuildPhase;
			buildActionMask = 2147483647;
			files = (
				DDEF3A2E1522813600DE6DB0 /* UIKit.framework in Frameworks */,
				DDEF3A301522813600DE6DB0 /* Foundation.framework in Frameworks */,
				DDEF3A321522813600DE6DB0 /* CoreGraphics.framework in Frameworks */,
			);
			runOnlyForDeploymentPostprocessing = 0;
		};
/* End PBXFrameworksBuildPhase section */

/* Begin PBXGroup section */
		DDEF3A1E1522813600DE6DB0 = {
			isa = PBXGroup;
			children = (
				DDEF3A331522813600DE6DB0 /* MapBox Example */,
				DDEF3A2C1522813600DE6DB0 /* Frameworks */,
				DDEF3A2A1522813600DE6DB0 /* Products */,
			);
			sourceTree = "<group>";
		};
		DDEF3A2A1522813600DE6DB0 /* Products */ = {
			isa = PBXGroup;
			children = (
				DDEF3A291522813600DE6DB0 /* MapBox Example.app */,
			);
			name = Products;
			sourceTree = "<group>";
		};
		DDEF3A2C1522813600DE6DB0 /* Frameworks */ = {
			isa = PBXGroup;
			children = (
				DDEF3A2D1522813600DE6DB0 /* UIKit.framework */,
				DDEF3A2F1522813600DE6DB0 /* Foundation.framework */,
				DDEF3A311522813600DE6DB0 /* CoreGraphics.framework */,
			);
			name = Frameworks;
			sourceTree = "<group>";
		};
		DDEF3A331522813600DE6DB0 /* MapBox Example */ = {
			isa = PBXGroup;
			children = (
				DDEF3A3C1522813600DE6DB0 /* AppDelegate.h */,
				DDEF3A3D1522813600DE6DB0 /* AppDelegate.m */,
				DDEF3A3F1522813600DE6DB0 /* ViewController.h */,
				DDEF3A401522813600DE6DB0 /* ViewController.m */,
				DDEF3A421522813600DE6DB0 /* ViewController.xib */,
				DDEF3A341522813600DE6DB0 /* Supporting Files */,
			);
			path = "MapBox Example";
			sourceTree = "<group>";
		};
		DDEF3A341522813600DE6DB0 /* Supporting Files */ = {
			isa = PBXGroup;
			children = (
				DDEF3A351522813600DE6DB0 /* MapBox Example-Info.plist */,
				DDEF3A361522813600DE6DB0 /* InfoPlist.strings */,
				DDEF3A391522813600DE6DB0 /* main.m */,
				DDEF3A3B1522813600DE6DB0 /* MapBox Example-Prefix.pch */,
			);
			name = "Supporting Files";
			sourceTree = "<group>";
		};
/* End PBXGroup section */

/* Begin PBXNativeTarget section */
		DDEF3A281522813600DE6DB0 /* MapBox Example */ = {
			isa = PBXNativeTarget;
			buildConfigurationList = DDEF3A471522813600DE6DB0 /* Build configuration list for PBXNativeTarget "MapBox Example" */;
			buildPhases = (
				DDEF3A251522813600DE6DB0 /* Sources */,
				DDEF3A261522813600DE6DB0 /* Frameworks */,
				DDEF3A271522813600DE6DB0 /* Resources */,
			);
			buildRules = (
			);
			dependencies = (
			);
			name = "MapBox Example";
			productName = "MapBox Example";
			productReference = DDEF3A291522813600DE6DB0 /* MapBox Example.app */;
			productType = "com.apple.product-type.application";
		};
/* End PBXNativeTarget section */

/* Begin PBXProject section */
		DDEF3A201522813600DE6DB0 /* Project object */ = {
			isa = PBXProject;
			attributes = {
				LastUpgradeCheck = 0430;
				ORGANIZATIONNAME = "MapBox / Development Seed";
			};
			buildConfigurationList = DDEF3A231522813600DE6DB0 /* Build configuration list for PBXProject "MapBox Example" */;
			compatibilityVersion = "Xcode 3.2";
			developmentRegion = English;
			hasScannedForEncodings = 0;
			knownRegions = (
				en,
			);
			mainGroup = DDEF3A1E1522813600DE6DB0;
			productRefGroup = DDEF3A2A1522813600DE6DB0 /* Products */;
			projectDirPath = "";
			projectRoot = "";
			targets = (
				DDEF3A281522813600DE6DB0 /* MapBox Example */,
			);
		};
/* End PBXProject section */

/* Begin PBXResourcesBuildPhase section */
		DDEF3A271522813600DE6DB0 /* Resources */ = {
			isa = PBXResourcesBuildPhase;
			buildActionMask = 2147483647;
			files = (
				DDEF3A381522813600DE6DB0 /* InfoPlist.strings in Resources */,
				DDEF3A441522813600DE6DB0 /* ViewController.xib in Resources */,
			);
			runOnlyForDeploymentPostprocessing = 0;
		};
/* End PBXResourcesBuildPhase section */

/* Begin PBXSourcesBuildPhase section */
		DDEF3A251522813600DE6DB0 /* Sources */ = {
			isa = PBXSourcesBuildPhase;
			buildActionMask = 2147483647;
			files = (
				DDEF3A3A1522813600DE6DB0 /* main.m in Sources */,
				DDEF3A3E1522813600DE6DB0 /* AppDelegate.m in Sources */,
				DDEF3A411522813600DE6DB0 /* ViewController.m in Sources */,
			);
			runOnlyForDeploymentPostprocessing = 0;
		};
/* End PBXSourcesBuildPhase section */

/* Begin PBXVariantGroup section */
		DDEF3A361522813600DE6DB0 /* InfoPlist.strings */ = {
			isa = PBXVariantGroup;
			children = (
				DDEF3A371522813600DE6DB0 /* en */,
			);
			name = InfoPlist.strings;
			sourceTree = "<group>";
		};
		DDEF3A421522813600DE6DB0 /* ViewController.xib */ = {
			isa = PBXVariantGroup;
			children = (
				DDEF3A431522813600DE6DB0 /* en */,
			);
			name = ViewController.xib;
			sourceTree = "<group>";
		};
/* End PBXVariantGroup section */

/* Begin XCBuildConfiguration section */
		DDEF3A451522813600DE6DB0 /* Debug */ = {
			isa = XCBuildConfiguration;
			buildSettings = {
				ALWAYS_SEARCH_USER_PATHS = NO;
				ARCHS = "$(ARCHS_STANDARD_32_BIT)";
				CLANG_ENABLE_OBJC_ARC = YES;
				"CODE_SIGN_IDENTITY[sdk=iphoneos*]" = "iPhone Developer";
				COPY_PHASE_STRIP = NO;
				GCC_C_LANGUAGE_STANDARD = gnu99;
				GCC_DYNAMIC_NO_PIC = NO;
				GCC_OPTIMIZATION_LEVEL = 0;
				GCC_PREPROCESSOR_DEFINITIONS = (
					"DEBUG=1",
					"$(inherited)",
				);
				GCC_SYMBOLS_PRIVATE_EXTERN = NO;
				GCC_VERSION = com.apple.compilers.llvm.clang.1_0;
				GCC_WARN_ABOUT_RETURN_TYPE = YES;
				GCC_WARN_UNINITIALIZED_AUTOS = YES;
				GCC_WARN_UNUSED_VARIABLE = YES;
				IPHONEOS_DEPLOYMENT_TARGET = 5.1;
				SDKROOT = iphoneos;
			};
			name = Debug;
		};
		DDEF3A461522813600DE6DB0 /* Release */ = {
			isa = XCBuildConfiguration;
			buildSettings = {
				ALWAYS_SEARCH_USER_PATHS = NO;
				ARCHS = "$(ARCHS_STANDARD_32_BIT)";
				CLANG_ENABLE_OBJC_ARC = YES;
				"CODE_SIGN_IDENTITY[sdk=iphoneos*]" = "iPhone Developer";
				COPY_PHASE_STRIP = YES;
				GCC_C_LANGUAGE_STANDARD = gnu99;
				GCC_VERSION = com.apple.compilers.llvm.clang.1_0;
				GCC_WARN_ABOUT_RETURN_TYPE = YES;
				GCC_WARN_UNINITIALIZED_AUTOS = YES;
				GCC_WARN_UNUSED_VARIABLE = YES;
				IPHONEOS_DEPLOYMENT_TARGET = 5.1;
				OTHER_CFLAGS = "-DNS_BLOCK_ASSERTIONS=1";
				SDKROOT = iphoneos;
				VALIDATE_PRODUCT = YES;
			};
			name = Release;
		};
		DDEF3A481522813600DE6DB0 /* Debug */ = {
			isa = XCBuildConfiguration;
			buildSettings = {
				GCC_PRECOMPILE_PREFIX_HEADER = YES;
				GCC_PREFIX_HEADER = "MapBox Example/MapBox Example-Prefix.pch";
				INFOPLIST_FILE = "MapBox Example/MapBox Example-Info.plist";
				PRODUCT_NAME = "$(TARGET_NAME)";
				WRAPPER_EXTENSION = app;
			};
			name = Debug;
		};
		DDEF3A491522813600DE6DB0 /* Release */ = {
			isa = XCBuildConfiguration;
			buildSettings = {
				GCC_PRECOMPILE_PREFIX_HEADER = YES;
				GCC_PREFIX_HEADER = "MapBox Example/MapBox Example-Prefix.pch";
				INFOPLIST_FILE = "MapBox Example/MapBox Example-Info.plist";
				PRODUCT_NAME = "$(TARGET_NAME)";
				WRAPPER_EXTENSION = app;
			};
			name = Release;
		};
/* End XCBuildConfiguration section */

/* Begin XCConfigurationList section */
		DDEF3A231522813600DE6DB0 /* Build configuration list for PBXProject "MapBox Example" */ = {
			isa = XCConfigurationList;
			buildConfigurations = (
				DDEF3A451522813600DE6DB0 /* Debug */,
				DDEF3A461522813600DE6DB0 /* Release */,
			);
			defaultConfigurationIsVisible = 0;
			defaultConfigurationName = Release;
		};
		DDEF3A471522813600DE6DB0 /* Build configuration list for PBXNativeTarget "MapBox Example" */ = {
			isa = XCConfigurationList;
			buildConfigurations = (
				DDEF3A481522813600DE6DB0 /* Debug */,
				DDEF3A491522813600DE6DB0 /* Release */,
			);
			defaultConfigurationIsVisible = 0;
		};
/* End XCConfigurationList section */
	};
	rootObject = DDEF3A201522813600DE6DB0 /* Project object */;
}
